
Microsoft Visual Studio Solution File, Format Version 12.00
# Visual Studio 2013
VisualStudioVersion = 12.0.40629.0
MinimumVisualStudioVersion = 10.0.40219.1
Project("{FAE04EC0-301F-11D3-BF4B-00C04F79EFBC}") = "Producer_MQ", "Producer_MQ\Producer_MQ.csproj", "{2C6282E9-9432-4BA0-A138-49D44B23828D}"
EndProject
Project("{FAE04EC0-301F-11D3-BF4B-00C04F79EFBC}") = "Consumer_MQ", "Consumer_MQ\Consumer_MQ.csproj", "{3559618B-7959-4397-9A6C-3D3CECB17623}"
EndProject
Global
	GlobalSection(SolutionConfigurationPlatforms) = preSolution
		Debug|Any CPU = Debug|Any CPU
		Release|Any CPU = Release|Any CPU
	EndGlobalSection
	GlobalSection(ProjectConfigurationPlatforms) = postSolution
		{2C6282E9-9432-4BA0-A138-49D44B23828D}.Debug|Any CPU.ActiveCfg = Debug|Any CPU
		{2C6282E9-9432-4BA0-A138-49D44B23828D}.Debug|Any CPU.Build.0 = Debug|Any CPU
		{2C6282E9-9432-4BA0-A138-49D44B23828D}.Release|Any CPU.ActiveCfg = Release|Any CPU
		{2C6282E9-9432-4BA0-A138-49D44B23828D}.Release|Any CPU.Build.0 = Release|Any CPU
		{3559618B-7959-4397-9A6C-3D3CECB17623}.Debug|Any CPU.ActiveCfg = Debug|Any CPU
		{3559618B-7959-4397-9A6C-3D3CECB17623}.Debug|Any CPU.Build.0 = Debug|Any CPU
		{3559618B-7959-4397-9A6C-3D3CECB17623}.Release|Any CPU.ActiveCfg = Release|Any CPU
		{3559618B-7959-4397-9A6C-3D3CECB17623}.Release|Any CPU.Build.0 = Release|Any CPU
	EndGlobalSection
	GlobalSection(SolutionProperties) = preSolution
		HideSolutionNode = FALSE
	EndGlobalSection
EndGlobal
